
Microsoft Visual Studio Solution File, Format Version 12.00
# Visual Studio Version 17
VisualStudioVersion = 17.2.32616.157
MinimumVisualStudioVersion = 10.0.40219.1
Project("{FAE04EC0-301F-11D3-BF4B-00C04F79EFBC}") = "CurrencyConverter", "CurrencyConverter\CurrencyConverter.csproj", "{E30C1A61-E2EB-405C-AE31-C351FE173731}"
EndProject
Project("{FAE04EC0-301F-11D3-BF4B-00C04F79EFBC}") = "CurrencyConverterServer", "CurrencyConverterServer\CurrencyConverterServer.csproj", "{110635A1-CE3C-4882-BCA7-04931DE2303D}"
EndProject
Project("{FAE04EC0-301F-11D3-BF4B-00C04F79EFBC}") = "ConverterClient", "ConverterClient\ConverterClient.csproj", "{4972639E-CB76-4A31-ADC2-7384CA069103}"
EndProject
Global
	GlobalSection(SolutionConfigurationPlatforms) = preSolution
		Debug|Any CPU = Debug|Any CPU
		Release|Any CPU = Release|Any CPU
	EndGlobalSection
	GlobalSection(ProjectConfigurationPlatforms) = postSolution
		{E30C1A61-E2EB-405C-AE31-C351FE173731}.Debug|Any CPU.ActiveCfg = Debug|Any CPU
		{E30C1A61-E2EB-405C-AE31-C351FE173731}.Debug|Any CPU.Build.0 = Debug|Any CPU
		{E30C1A61-E2EB-405C-AE31-C351FE173731}.Release|Any CPU.ActiveCfg = Release|Any CPU
		{E30C1A61-E2EB-405C-AE31-C351FE173731}.Release|Any CPU.Build.0 = Release|Any CPU
		{110635A1-CE3C-4882-BCA7-04931DE2303D}.Debug|Any CPU.ActiveCfg = Debug|Any CPU
		{110635A1-CE3C-4882-BCA7-04931DE2303D}.Debug|Any CPU.Build.0 = Debug|Any CPU
		{110635A1-CE3C-4882-BCA7-04931DE2303D}.Release|Any CPU.ActiveCfg = Release|Any CPU
		{110635A1-CE3C-4882-BCA7-04931DE2303D}.Release|Any CPU.Build.0 = Release|Any CPU
		{4972639E-CB76-4A31-ADC2-7384CA069103}.Debug|Any CPU.ActiveCfg = Debug|Any CPU
		{4972639E-CB76-4A31-ADC2-7384CA069103}.Debug|Any CPU.Build.0 = Debug|Any CPU
		{4972639E-CB76-4A31-ADC2-7384CA069103}.Release|Any CPU.ActiveCfg = Release|Any CPU
		{4972639E-CB76-4A31-ADC2-7384CA069103}.Release|Any CPU.Build.0 = Release|Any CPU
	EndGlobalSection
	GlobalSection(SolutionProperties) = preSolution
		HideSolutionNode = FALSE
	EndGlobalSection
	GlobalSection(ExtensibilityGlobals) = postSolution
		SolutionGuid = {F089965E-467E-48CB-90D2-1ECA5455B0BA}
	EndGlobalSection
EndGlobal
